
Microsoft Visual Studio Solution File, Format Version 12.00
# Visual Studio Version 17
VisualStudioVersion = 17.11.35312.102
MinimumVisualStudioVersion = 10.0.40219.1
Project("{FAE04EC0-301F-11D3-BF4B-00C04F79EFBC}") = "Parking__system", "Parking__system\Parking__system.csproj", "{F9EB855B-7BFE-4676-950F-E8262F181F39}"
EndProject
Global
	GlobalSection(SolutionConfigurationPlatforms) = preSolution
		Debug|Any CPU = Debug|Any CPU
		Release|Any CPU = Release|Any CPU
	EndGlobalSection
	GlobalSection(ProjectConfigurationPlatforms) = postSolution
		{F9EB855B-7BFE-4676-950F-E8262F181F39}.Debug|Any CPU.ActiveCfg = Debug|Any CPU
		{F9EB855B-7BFE-4676-950F-E8262F181F39}.Debug|Any CPU.Build.0 = Debug|Any CPU
		{F9EB855B-7BFE-4676-950F-E8262F181F39}.Release|Any CPU.ActiveCfg = Release|Any CPU
		{F9EB855B-7BFE-4676-950F-E8262F181F39}.Release|Any CPU.Build.0 = Release|Any CPU
	EndGlobalSection
	GlobalSection(SolutionProperties) = preSolution
		HideSolutionNode = FALSE
	EndGlobalSection
	GlobalSection(ExtensibilityGlobals) = postSolution
		SolutionGuid = {F9F0897F-615D-412C-A85B-EF2DB4557EBD}
	EndGlobalSection
EndGlobal
